PODS:
  - Alamofire (5.6.2)
  - Cosmos (23.0.0)
  - DropDown (2.3.13)
  - Kingfisher (7.3.0)
  - Moya/Core (15.0.0):
    - Alamofire (~> 5.0)
  - Moya/RxSwift (15.0.0):
    - Moya/Core
    - RxSwift (~> 6.0)
  - NMapsMap (3.15.0)
  - ReusableKit (3.0.0):
    - ReusableKit/Core (= 3.0.0)
  - ReusableKit/Core (3.0.0)
  - RxCocoa (6.5.0):
    - RxRelay (= 6.5.0)
    - RxSwift (= 6.5.0)
  - RxGesture (4.0.4):
    - RxCocoa (~> 6.0)
    - RxSwift (~> 6.0)
  - RxRelay (6.5.0):
    - RxSwift (= 6.5.0)
  - RxSwift (6.5.0)
  - SnapKit (5.6.0)
  - Then (3.0.0)

DEPENDENCIES:
  - Cosmos
  - DropDown
  - Kingfisher
  - Moya/RxSwift
  - NMapsMap
  - ReusableKit
  - RxCocoa
  - RxGesture
  - RxRelay
  - RxSwift
  - SnapKit
  - Then

SPEC REPOS:
  trunk:
    - Alamofire
    - Cosmos
    - DropDown
    - Kingfisher
    - Moya
    - NMapsMap
    - ReusableKit
    - RxCocoa
    - RxGesture
    - RxRelay
    - RxSwift
    - SnapKit
    - Then

SPEC CHECKSUMS:
  Alamofire: d368e1ff8a298e6dde360e35a3e68e6c610e7204
  Cosmos: b5c6a9a637e28a061b54c8f8b1d8529d7d4db73f
  DropDown: 8a2116376c1981888557f72ec2ffc9a5e0e456ec
  Kingfisher: cdb1189a9223b1bc028816bd47c8b8101a58831c
  Moya: 138f0573e53411fb3dc17016add0b748dfbd78ee
  NMapsMap: f151761c088d6516064c59da03ab6503769486e6
  ReusableKit: e5f853ad4652e411f96b6119b2488afa12929be6
  RxCocoa: 94f817b71c07517321eb4f9ad299112ca8af743b
  RxGesture: f3efb47ed2d26a8082f7b660d4a59970e275a7f8
  RxRelay: 1de1523e604c72b6c68feadedd1af3b1b4d0ecbd
  RxSwift: 5710a9e6b17f3c3d6e40d6e559b9fa1e813b2ef8
  SnapKit: e01d52ebb8ddbc333eefe2132acf85c8227d9c25
  Then: 844265ae87834bbe1147d91d5d41a404da2ec27d

PODFILE CHECKSUM: 853fb8a1ae4b0206bdb6f406bc83cb7ef88c12ed

COCOAPODS: 1.11.3
