// !$*UTF8*$!
{
	archiveVersion = 1;
	classes = {
	};
	objectVersion = 55;
	objects = {

/* Begin PBXBuildFile section */
		324C343C286AF32A0057286A /* AppDelegate.swift in Sources */ = {isa = PBXBuildFile; fileRef = 324C343B286AF32A0057286A /* AppDelegate.swift */; };
		324C343E286AF32A0057286A /* SceneDelegate.swift in Sources */ = {isa = PBXBuildFile; fileRef = 324C343D286AF32A0057286A /* SceneDelegate.swift */; };
		324C3440286AF32A0057286A /* HomeViewController.swift in Sources */ = {isa = PBXBuildFile; fileRef = 324C343F286AF32A0057286A /* HomeViewController.swift */; };
		324C3445286AF32B0057286A /* Assets.xcassets in Resources */ = {isa = PBXBuildFile; fileRef = 324C3444286AF32B0057286A /* Assets.xcassets */; };
		324C3448286AF32B0057286A /* LaunchScreen.storyboard in Resources */ = {isa = PBXBuildFile; fileRef = 324C3446286AF32B0057286A /* LaunchScreen.storyboard */; };
		78B691AC0D85452047520A6D /* Pods_DIVIDE.framework in Frameworks */ = {isa = PBXBuildFile; fileRef = 5812F4895A88AACE8922BE83 /* Pods_DIVIDE.framework */; };
		FA2AE75228978FEF00702D43 /* 채팅.png in Resources */ = {isa = PBXBuildFile; fileRef = FA2AE74E28978FEF00702D43 /* 채팅.png */; };
		FA2AE75328978FEF00702D43 /* Divide.png in Resources */ = {isa = PBXBuildFile; fileRef = FA2AE74F28978FEF00702D43 /* Divide.png */; };
		FA2AE75428978FEF00702D43 /* 기본 프로필.png in Resources */ = {isa = PBXBuildFile; fileRef = FA2AE75028978FEF00702D43 /* 기본 프로필.png */; };
		FA2AE75528978FEF00702D43 /* 리뷰.png in Resources */ = {isa = PBXBuildFile; fileRef = FA2AE75128978FEF00702D43 /* 리뷰.png */; };
		FA2AE75A2897C0B000702D43 /* DivideUnselected.png in Resources */ = {isa = PBXBuildFile; fileRef = FA2AE7562897C0AF00702D43 /* DivideUnselected.png */; };
		FA2AE75B2897C0B000702D43 /* 기본 프로필Unselected.png in Resources */ = {isa = PBXBuildFile; fileRef = FA2AE7572897C0AF00702D43 /* 기본 프로필Unselected.png */; };
		FA2AE75C2897C0B000702D43 /* 채팅Unselected.png in Resources */ = {isa = PBXBuildFile; fileRef = FA2AE7582897C0AF00702D43 /* 채팅Unselected.png */; };
		FA2AE75D2897C0B000702D43 /* 리뷰Unselected.png in Resources */ = {isa = PBXBuildFile; fileRef = FA2AE7592897C0B000702D43 /* 리뷰Unselected.png */; };
		FA2C9ECB289A201600B3ACAC /* DetailPage.swift in Sources */ = {isa = PBXBuildFile; fileRef = FA2C9ECA289A201600B3ACAC /* DetailPage.swift */; };
		FA4967BA288A9D5C000247E4 /* Kingfisher in Frameworks */ = {isa = PBXBuildFile; productRef = FA4967B9288A9D5C000247E4 /* Kingfisher */; };
		FA4967BD288A9D83000247E4 /* Kingfisher in Frameworks */ = {isa = PBXBuildFile; productRef = FA4967BC288A9D83000247E4 /* Kingfisher */; };
		FA4967C4288A9E2B000247E4 /* HomeTableViewCell.swift in Sources */ = {isa = PBXBuildFile; fileRef = FA4967C3288A9E2B000247E4 /* HomeTableViewCell.swift */; };
		FA4967CA288AA249000247E4 /* pizzaImage.jpg in Resources */ = {isa = PBXBuildFile; fileRef = FA4967C9288AA249000247E4 /* pizzaImage.jpg */; };
		FA59C601288D762F001ADD50 /* logo.png in Resources */ = {isa = PBXBuildFile; fileRef = FA59C600288D762F001ADD50 /* logo.png */; };
		FA59C605288E6A24001ADD50 /* HomeTopMenuCell.swift in Sources */ = {isa = PBXBuildFile; fileRef = FA59C604288E6A24001ADD50 /* HomeTopMenuCell.swift */; };
		FA59C607288ED3D7001ADD50 /* HomeBackgroundImage.png in Resources */ = {isa = PBXBuildFile; fileRef = FA59C606288ED3D7001ADD50 /* HomeBackgroundImage.png */; };
		FA59C6122890067F001ADD50 /* Search.png in Resources */ = {isa = PBXBuildFile; fileRef = FA59C6112890067E001ADD50 /* Search.png */; };
		FA59C615289115EE001ADD50 /* SNSViewController.swift in Sources */ = {isa = PBXBuildFile; fileRef = FA59C614289115EE001ADD50 /* SNSViewController.swift */; };
		FA59C63728911DD2001ADD50 /* TabBarController.swift in Sources */ = {isa = PBXBuildFile; fileRef = FA59C63628911DD2001ADD50 /* TabBarController.swift */; };
		FA8A71F7289ABA4700E26196 /* UIFont.swift in Sources */ = {isa = PBXBuildFile; fileRef = FA8A71E7289ABA4700E26196 /* UIFont.swift */; };
		FA8A71F8289ABA4700E26196 /* UIColor.swift in Sources */ = {isa = PBXBuildFile; fileRef = FA8A71E8289ABA4700E26196 /* UIColor.swift */; };
		FA8A71F9289ABA4700E26196 /* String.swift in Sources */ = {isa = PBXBuildFile; fileRef = FA8A71E9289ABA4700E26196 /* String.swift */; };
		FA8A71FA289ABA4700E26196 /* UINavigationBar.swift in Sources */ = {isa = PBXBuildFile; fileRef = FA8A71EA289ABA4700E26196 /* UINavigationBar.swift */; };
		FA8A71FB289ABA4700E26196 /* UIImage.swift in Sources */ = {isa = PBXBuildFile; fileRef = FA8A71EB289ABA4700E26196 /* UIImage.swift */; };
		FA8A71FC289ABA4700E26196 /* UIButton.swift in Sources */ = {isa = PBXBuildFile; fileRef = FA8A71EC289ABA4700E26196 /* UIButton.swift */; };
		FA8A71FD289ABA4700E26196 /* UITableView.swift in Sources */ = {isa = PBXBuildFile; fileRef = FA8A71ED289ABA4700E26196 /* UITableView.swift */; };
		FA8A71FE289ABA4700E26196 /* Date.swift in Sources */ = {isa = PBXBuildFile; fileRef = FA8A71EE289ABA4700E26196 /* Date.swift */; };
		FA8A71FF289ABA4700E26196 /* UINavigationController.swift in Sources */ = {isa = PBXBuildFile; fileRef = FA8A71EF289ABA4700E26196 /* UINavigationController.swift */; };
		FA8A7200289ABA4700E26196 /* UIImageView.swift in Sources */ = {isa = PBXBuildFile; fileRef = FA8A71F0289ABA4700E26196 /* UIImageView.swift */; };
		FA8A7201289ABA4700E26196 /* UILabel.swift in Sources */ = {isa = PBXBuildFile; fileRef = FA8A71F1289ABA4700E26196 /* UILabel.swift */; };
		FA8A7202289ABA4700E26196 /* CALayer.swift in Sources */ = {isa = PBXBuildFile; fileRef = FA8A71F2289ABA4700E26196 /* CALayer.swift */; };
		FA8A7203289ABA4700E26196 /* UIViewController.swift in Sources */ = {isa = PBXBuildFile; fileRef = FA8A71F3289ABA4700E26196 /* UIViewController.swift */; };
		FA8A7204289ABA4700E26196 /* Array.swift in Sources */ = {isa = PBXBuildFile; fileRef = FA8A71F4289ABA4700E26196 /* Array.swift */; };
		FA8A7205289ABA4700E26196 /* UIView.swift in Sources */ = {isa = PBXBuildFile; fileRef = FA8A71F5289ABA4700E26196 /* UIView.swift */; };
		FA8A7206289ABA4700E26196 /* UITextField.swift in Sources */ = {isa = PBXBuildFile; fileRef = FA8A71F6289ABA4700E26196 /* UITextField.swift */; };
		FAAD48F2289AB85300508C12 /* TagCollectionViewCell.swift in Sources */ = {isa = PBXBuildFile; fileRef = FAAD48F0289AB85300508C12 /* TagCollectionViewCell.swift */; };
		FAAD48F3289AB85300508C12 /* PostRecruitingViewController.swift in Sources */ = {isa = PBXBuildFile; fileRef = FAAD48F1289AB85300508C12 /* PostRecruitingViewController.swift */; };
		FAAD48FB289ABA0100508C12 /* IndicatorView.swift in Sources */ = {isa = PBXBuildFile; fileRef = FAAD48F9289ABA0100508C12 /* IndicatorView.swift */; };
		FAAD48FC289ABA0100508C12 /* Device.swift in Sources */ = {isa = PBXBuildFile; fileRef = FAAD48FA289ABA0100508C12 /* Device.swift */; };
		FAAD4903289ABA1200508C12 /* ButtonClass.swift in Sources */ = {isa = PBXBuildFile; fileRef = FAAD48FD289ABA1200508C12 /* ButtonClass.swift */; };
		FAAD4904289ABA1200508C12 /* ViewClass.swift in Sources */ = {isa = PBXBuildFile; fileRef = FAAD48FE289ABA1200508C12 /* ViewClass.swift */; };
		FAAD4905289ABA1200508C12 /* CollectionViewClass.swift in Sources */ = {isa = PBXBuildFile; fileRef = FAAD48FF289ABA1200508C12 /* CollectionViewClass.swift */; };
		FAAD4906289ABA1200508C12 /* TextFieldClass.swift in Sources */ = {isa = PBXBuildFile; fileRef = FAAD4900289ABA1200508C12 /* TextFieldClass.swift */; };
		FAAD4907289ABA1200508C12 /* LabelClass.swift in Sources */ = {isa = PBXBuildFile; fileRef = FAAD4901289ABA1200508C12 /* LabelClass.swift */; };
		FAAD4908289ABA1200508C12 /* NavBarClass.swift in Sources */ = {isa = PBXBuildFile; fileRef = FAAD4902289ABA1200508C12 /* NavBarClass.swift */; };
/* End PBXBuildFile section */

/* Begin PBXFileReference section */
		324C3438286AF32A0057286A /* DIVIDE.app */ = {isa = PBXFileReference; explicitFileType = wrapper.application; includeInIndex = 0; path = DIVIDE.app; sourceTree = BUILT_PRODUCTS_DIR; };
		324C343B286AF32A0057286A /* AppDelegate.swift */ = {isa = PBXFileReference; lastKnownFileType = sourcecode.swift; path = AppDelegate.swift; sourceTree = "<group>"; };
		324C343D286AF32A0057286A /* SceneDelegate.swift */ = {isa = PBXFileReference; lastKnownFileType = sourcecode.swift; path = SceneDelegate.swift; sourceTree = "<group>"; };
		324C343F286AF32A0057286A /* HomeViewController.swift */ = {isa = PBXFileReference; lastKnownFileType = sourcecode.swift; path = HomeViewController.swift; sourceTree = "<group>"; };
		324C3444286AF32B0057286A /* Assets.xcassets */ = {isa = PBXFileReference; lastKnownFileType = folder.assetcatalog; path = Assets.xcassets; sourceTree = "<group>"; };
		324C3447286AF32B0057286A /* Base */ = {isa = PBXFileReference; lastKnownFileType = file.storyboard; name = Base; path = Base.lproj/LaunchScreen.storyboard; sourceTree = "<group>"; };
		324C3449286AF32B0057286A /* Info.plist */ = {isa = PBXFileReference; lastKnownFileType = text.plist.xml; path = Info.plist; sourceTree = "<group>"; };
		5812F4895A88AACE8922BE83 /* Pods_DIVIDE.framework */ = {isa = PBXFileReference; explicitFileType = wrapper.framework; includeInIndex = 0; path = Pods_DIVIDE.framework; sourceTree = BUILT_PRODUCTS_DIR; };
		AC49C26AB0682970DFC4401E /* Pods-DIVIDE.release.xcconfig */ = {isa = PBXFileReference; includeInIndex = 1; lastKnownFileType = text.xcconfig; name = "Pods-DIVIDE.release.xcconfig"; path = "Target Support Files/Pods-DIVIDE/Pods-DIVIDE.release.xcconfig"; sourceTree = "<group>"; };
		DD864471D39EC034FFE391B5 /* Pods-DIVIDE.debug.xcconfig */ = {isa = PBXFileReference; includeInIndex = 1; lastKnownFileType = text.xcconfig; name = "Pods-DIVIDE.debug.xcconfig"; path = "Target Support Files/Pods-DIVIDE/Pods-DIVIDE.debug.xcconfig"; sourceTree = "<group>"; };
		FA2AE74E28978FEF00702D43 /* 채팅.png */ = {isa = PBXFileReference; lastKnownFileType = image.png; path = "채팅.png"; sourceTree = "<group>"; };
		FA2AE74F28978FEF00702D43 /* Divide.png */ = {isa = PBXFileReference; lastKnownFileType = image.png; path = Divide.png; sourceTree = "<group>"; };
		FA2AE75028978FEF00702D43 /* 기본 프로필.png */ = {isa = PBXFileReference; lastKnownFileType = image.png; path = "기본 프로필.png"; sourceTree = "<group>"; };
		FA2AE75128978FEF00702D43 /* 리뷰.png */ = {isa = PBXFileReference; lastKnownFileType = image.png; path = "리뷰.png"; sourceTree = "<group>"; };
		FA2AE7562897C0AF00702D43 /* DivideUnselected.png */ = {isa = PBXFileReference; lastKnownFileType = image.png; path = DivideUnselected.png; sourceTree = "<group>"; };
		FA2AE7572897C0AF00702D43 /* 기본 프로필Unselected.png */ = {isa = PBXFileReference; lastKnownFileType = image.png; path = "기본 프로필Unselected.png"; sourceTree = "<group>"; };
		FA2AE7582897C0AF00702D43 /* 채팅Unselected.png */ = {isa = PBXFileReference; lastKnownFileType = image.png; path = "채팅Unselected.png"; sourceTree = "<group>"; };
		FA2AE7592897C0B000702D43 /* 리뷰Unselected.png */ = {isa = PBXFileReference; lastKnownFileType = image.png; path = "리뷰Unselected.png"; sourceTree = "<group>"; };
		FA2C9ECA289A201600B3ACAC /* DetailPage.swift */ = {isa = PBXFileReference; lastKnownFileType = sourcecode.swift; path = DetailPage.swift; sourceTree = "<group>"; };
		FA4967C3288A9E2B000247E4 /* HomeTableViewCell.swift */ = {isa = PBXFileReference; lastKnownFileType = sourcecode.swift; path = HomeTableViewCell.swift; sourceTree = "<group>"; };
		FA4967C9288AA249000247E4 /* pizzaImage.jpg */ = {isa = PBXFileReference; lastKnownFileType = image.jpeg; path = pizzaImage.jpg; sourceTree = "<group>"; };
		FA59C600288D762F001ADD50 /* logo.png */ = {isa = PBXFileReference; lastKnownFileType = image.png; path = logo.png; sourceTree = "<group>"; };
		FA59C604288E6A24001ADD50 /* HomeTopMenuCell.swift */ = {isa = PBXFileReference; lastKnownFileType = sourcecode.swift; path = HomeTopMenuCell.swift; sourceTree = "<group>"; };
		FA59C606288ED3D7001ADD50 /* HomeBackgroundImage.png */ = {isa = PBXFileReference; lastKnownFileType = image.png; path = HomeBackgroundImage.png; sourceTree = "<group>"; };
		FA59C6112890067E001ADD50 /* Search.png */ = {isa = PBXFileReference; lastKnownFileType = image.png; path = Search.png; sourceTree = "<group>"; };
		FA59C614289115EE001ADD50 /* SNSViewController.swift */ = {isa = PBXFileReference; lastKnownFileType = sourcecode.swift; path = SNSViewController.swift; sourceTree = "<group>"; };
		FA59C63628911DD2001ADD50 /* TabBarController.swift */ = {isa = PBXFileReference; lastKnownFileType = sourcecode.swift; path = TabBarController.swift; sourceTree = "<group>"; };
		FA8A71E7289ABA4700E26196 /* UIFont.swift */ = {isa = PBXFileReference; fileEncoding = 4; lastKnownFileType = sourcecode.swift; path = UIFont.swift; sourceTree = "<group>"; };
		FA8A71E8289ABA4700E26196 /* UIColor.swift */ = {isa = PBXFileReference; fileEncoding = 4; lastKnownFileType = sourcecode.swift; path = UIColor.swift; sourceTree = "<group>"; };
		FA8A71E9289ABA4700E26196 /* String.swift */ = {isa = PBXFileReference; fileEncoding = 4; lastKnownFileType = sourcecode.swift; path = String.swift; sourceTree = "<group>"; };
		FA8A71EA289ABA4700E26196 /* UINavigationBar.swift */ = {isa = PBXFileReference; fileEncoding = 4; lastKnownFileType = sourcecode.swift; path = UINavigationBar.swift; sourceTree = "<group>"; };
		FA8A71EB289ABA4700E26196 /* UIImage.swift */ = {isa = PBXFileReference; fileEncoding = 4; lastKnownFileType = sourcecode.swift; path = UIImage.swift; sourceTree = "<group>"; };
		FA8A71EC289ABA4700E26196 /* UIButton.swift */ = {isa = PBXFileReference; fileEncoding = 4; lastKnownFileType = sourcecode.swift; path = UIButton.swift; sourceTree = "<group>"; };
		FA8A71ED289ABA4700E26196 /* UITableView.swift */ = {isa = PBXFileReference; fileEncoding = 4; lastKnownFileType = sourcecode.swift; path = UITableView.swift; sourceTree = "<group>"; };
		FA8A71EE289ABA4700E26196 /* Date.swift */ = {isa = PBXFileReference; fileEncoding = 4; lastKnownFileType = sourcecode.swift; path = Date.swift; sourceTree = "<group>"; };
		FA8A71EF289ABA4700E26196 /* UINavigationController.swift */ = {isa = PBXFileReference; fileEncoding = 4; lastKnownFileType = sourcecode.swift; path = UINavigationController.swift; sourceTree = "<group>"; };
		FA8A71F0289ABA4700E26196 /* UIImageView.swift */ = {isa = PBXFileReference; fileEncoding = 4; lastKnownFileType = sourcecode.swift; path = UIImageView.swift; sourceTree = "<group>"; };
		FA8A71F1289ABA4700E26196 /* UILabel.swift */ = {isa = PBXFileReference; fileEncoding = 4; lastKnownFileType = sourcecode.swift; path = UILabel.swift; sourceTree = "<group>"; };
		FA8A71F2289ABA4700E26196 /* CALayer.swift */ = {isa = PBXFileReference; fileEncoding = 4; lastKnownFileType = sourcecode.swift; path = CALayer.swift; sourceTree = "<group>"; };
		FA8A71F3289ABA4700E26196 /* UIViewController.swift */ = {isa = PBXFileReference; fileEncoding = 4; lastKnownFileType = sourcecode.swift; path = UIViewController.swift; sourceTree = "<group>"; };
		FA8A71F4289ABA4700E26196 /* Array.swift */ = {isa = PBXFileReference; fileEncoding = 4; lastKnownFileType = sourcecode.swift; path = Array.swift; sourceTree = "<group>"; };
		FA8A71F5289ABA4700E26196 /* UIView.swift */ = {isa = PBXFileReference; fileEncoding = 4; lastKnownFileType = sourcecode.swift; path = UIView.swift; sourceTree = "<group>"; };
		FA8A71F6289ABA4700E26196 /* UITextField.swift */ = {isa = PBXFileReference; fileEncoding = 4; lastKnownFileType = sourcecode.swift; path = UITextField.swift; sourceTree = "<group>"; };
		FAAD48F0289AB85300508C12 /* TagCollectionViewCell.swift */ = {isa = PBXFileReference; fileEncoding = 4; lastKnownFileType = sourcecode.swift; path = TagCollectionViewCell.swift; sourceTree = "<group>"; };
		FAAD48F1289AB85300508C12 /* PostRecruitingViewController.swift */ = {isa = PBXFileReference; fileEncoding = 4; lastKnownFileType = sourcecode.swift; path = PostRecruitingViewController.swift; sourceTree = "<group>"; };
		FAAD48F9289ABA0100508C12 /* IndicatorView.swift */ = {isa = PBXFileReference; fileEncoding = 4; lastKnownFileType = sourcecode.swift; path = IndicatorView.swift; sourceTree = "<group>"; };
		FAAD48FA289ABA0100508C12 /* Device.swift */ = {isa = PBXFileReference; fileEncoding = 4; lastKnownFileType = sourcecode.swift; path = Device.swift; sourceTree = "<group>"; };
		FAAD48FD289ABA1200508C12 /* ButtonClass.swift */ = {isa = PBXFileReference; fileEncoding = 4; lastKnownFileType = sourcecode.swift; path = ButtonClass.swift; sourceTree = "<group>"; };
		FAAD48FE289ABA1200508C12 /* ViewClass.swift */ = {isa = PBXFileReference; fileEncoding = 4; lastKnownFileType = sourcecode.swift; path = ViewClass.swift; sourceTree = "<group>"; };
		FAAD48FF289ABA1200508C12 /* CollectionViewClass.swift */ = {isa = PBXFileReference; fileEncoding = 4; lastKnownFileType = sourcecode.swift; path = CollectionViewClass.swift; sourceTree = "<group>"; };
		FAAD4900289ABA1200508C12 /* TextFieldClass.swift */ = {isa = PBXFileReference; fileEncoding = 4; lastKnownFileType = sourcecode.swift; path = TextFieldClass.swift; sourceTree = "<group>"; };
		FAAD4901289ABA1200508C12 /* LabelClass.swift */ = {isa = PBXFileReference; fileEncoding = 4; lastKnownFileType = sourcecode.swift; path = LabelClass.swift; sourceTree = "<group>"; };
		FAAD4902289ABA1200508C12 /* NavBarClass.swift */ = {isa = PBXFileReference; fileEncoding = 4; lastKnownFileType = sourcecode.swift; path = NavBarClass.swift; sourceTree = "<group>"; };
/* End PBXFileReference section */

/* Begin PBXFrameworksBuildPhase section */
		324C3435286AF32A0057286A /* Frameworks */ = {
			isa = PBXFrameworksBuildPhase;
			buildActionMask = 2147483647;
			files = (
				FA4967BD288A9D83000247E4 /* Kingfisher in Frameworks */,
				FA4967BA288A9D5C000247E4 /* Kingfisher in Frameworks */,
				78B691AC0D85452047520A6D /* Pods_DIVIDE.framework in Frameworks */,
			);
			runOnlyForDeploymentPostprocessing = 0;
		};
/* End PBXFrameworksBuildPhase section */

/* Begin PBXGroup section */
		2FADAF24B907EE6FC21B7CC7 /* Frameworks */ = {
			isa = PBXGroup;
			children = (
				5812F4895A88AACE8922BE83 /* Pods_DIVIDE.framework */,
			);
			name = Frameworks;
			sourceTree = "<group>";
		};
		324C342F286AF32A0057286A = {
			isa = PBXGroup;
			children = (
				324C343A286AF32A0057286A /* DIVIDE */,
				324C3439286AF32A0057286A /* Products */,
				7C347BCB9EF661EE6A192399 /* Pods */,
				2FADAF24B907EE6FC21B7CC7 /* Frameworks */,
			);
			sourceTree = "<group>";
		};
		324C3439286AF32A0057286A /* Products */ = {
			isa = PBXGroup;
			children = (
				324C3438286AF32A0057286A /* DIVIDE.app */,
			);
			name = Products;
			sourceTree = "<group>";
		};
		324C343A286AF32A0057286A /* DIVIDE */ = {
			isa = PBXGroup;
			children = (
				FAAD48F4289AB99300508C12 /* Configuration */,
				FA59C63628911DD2001ADD50 /* TabBarController.swift */,
				FA2AE75E2897C0B800702D43 /* TabBarAsset */,
				FA4967BE288A9DD3000247E4 /* Home */,
				FA59C6132891154A001ADD50 /* SNS */,
				FAAD48EE289AB82900508C12 /* Page */,
				324C343B286AF32A0057286A /* AppDelegate.swift */,
				324C343D286AF32A0057286A /* SceneDelegate.swift */,
				324C3444286AF32B0057286A /* Assets.xcassets */,
				324C3446286AF32B0057286A /* LaunchScreen.storyboard */,
				324C3449286AF32B0057286A /* Info.plist */,
			);
			path = DIVIDE;
			sourceTree = "<group>";
		};
		7C347BCB9EF661EE6A192399 /* Pods */ = {
			isa = PBXGroup;
			children = (
				DD864471D39EC034FFE391B5 /* Pods-DIVIDE.debug.xcconfig */,
				AC49C26AB0682970DFC4401E /* Pods-DIVIDE.release.xcconfig */,
			);
			path = Pods;
			sourceTree = "<group>";
		};
		FA2AE75E2897C0B800702D43 /* TabBarAsset */ = {
			isa = PBXGroup;
			children = (
				FA2AE75028978FEF00702D43 /* 기본 프로필.png */,
				FA2AE75128978FEF00702D43 /* 리뷰.png */,
				FA2AE74E28978FEF00702D43 /* 채팅.png */,
				FA2AE74F28978FEF00702D43 /* Divide.png */,
				FA2AE7572897C0AF00702D43 /* 기본 프로필Unselected.png */,
				FA2AE7592897C0B000702D43 /* 리뷰Unselected.png */,
				FA2AE7582897C0AF00702D43 /* 채팅Unselected.png */,
				FA2AE7562897C0AF00702D43 /* DivideUnselected.png */,
			);
			name = TabBarAsset;
			sourceTree = "<group>";
		};
		FA4967BE288A9DD3000247E4 /* Home */ = {
			isa = PBXGroup;
			children = (
				324C343F286AF32A0057286A /* HomeViewController.swift */,
				FA59C608288ED6BD001ADD50 /* HomeView */,
			);
			name = Home;
			sourceTree = "<group>";
		};
		FA59C608288ED6BD001ADD50 /* HomeView */ = {
			isa = PBXGroup;
			children = (
				FA59C604288E6A24001ADD50 /* HomeTopMenuCell.swift */,
				FA2C9ECA289A201600B3ACAC /* DetailPage.swift */,
				FA4967C3288A9E2B000247E4 /* HomeTableViewCell.swift */,
				FAD55DA02892A865006437BF /* JoinOrder */,
				FA4967C9288AA249000247E4 /* pizzaImage.jpg */,
				FA59C600288D762F001ADD50 /* logo.png */,
				FA59C606288ED3D7001ADD50 /* HomeBackgroundImage.png */,
				FA59C6112890067E001ADD50 /* Search.png */,
			);
			path = HomeView;
			sourceTree = "<group>";
		};
		FA59C6132891154A001ADD50 /* SNS */ = {
			isa = PBXGroup;
			children = (
				FA59C614289115EE001ADD50 /* SNSViewController.swift */,
			);
			name = SNS;
			sourceTree = "<group>";
		};
		FAAD48EE289AB82900508C12 /* Page */ = {
			isa = PBXGroup;
			children = (
				FAAD48EF289AB84300508C12 /* PostRecruiting */,
			);
			name = Page;
			sourceTree = "<group>";
		};
		FAAD48EF289AB84300508C12 /* PostRecruiting */ = {
			isa = PBXGroup;
			children = (
				FAAD48F1289AB85300508C12 /* PostRecruitingViewController.swift */,
				FAAD48F0289AB85300508C12 /* TagCollectionViewCell.swift */,
			);
			name = PostRecruiting;
			sourceTree = "<group>";
		};
		FAAD48F4289AB99300508C12 /* Configuration */ = {
			isa = PBXGroup;
			children = (
				FAAD48F5289AB9A300508C12 /* Base */,
				FAAD48F6289AB9A800508C12 /* Common Class */,
				FAAD48F8289AB9BC00508C12 /* Extension */,
				FAAD48F7289AB9B000508C12 /* CustomClass */,
			);
			name = Configuration;
			sourceTree = "<group>";
		};
		FAAD48F5289AB9A300508C12 /* Base */ = {
			isa = PBXGroup;
			children = (
			);
			name = Base;
			sourceTree = "<group>";
		};
		FAAD48F6289AB9A800508C12 /* Common Class */ = {
			isa = PBXGroup;
			children = (
				FAAD48FA289ABA0100508C12 /* Device.swift */,
				FAAD48F9289ABA0100508C12 /* IndicatorView.swift */,
			);
			name = "Common Class";
			sourceTree = "<group>";
		};
		FAAD48F7289AB9B000508C12 /* CustomClass */ = {
			isa = PBXGroup;
			children = (
				FAAD48FD289ABA1200508C12 /* ButtonClass.swift */,
				FAAD48FF289ABA1200508C12 /* CollectionViewClass.swift */,
				FAAD4901289ABA1200508C12 /* LabelClass.swift */,
				FAAD4902289ABA1200508C12 /* NavBarClass.swift */,
				FAAD4900289ABA1200508C12 /* TextFieldClass.swift */,
				FAAD48FE289ABA1200508C12 /* ViewClass.swift */,
			);
			name = CustomClass;
			sourceTree = "<group>";
		};
		FAAD48F8289AB9BC00508C12 /* Extension */ = {
			isa = PBXGroup;
			children = (
				FA8A71F4289ABA4700E26196 /* Array.swift */,
				FA8A71F2289ABA4700E26196 /* CALayer.swift */,
				FA8A71EE289ABA4700E26196 /* Date.swift */,
				FA8A71E9289ABA4700E26196 /* String.swift */,
				FA8A71EC289ABA4700E26196 /* UIButton.swift */,
				FA8A71E8289ABA4700E26196 /* UIColor.swift */,
				FA8A71E7289ABA4700E26196 /* UIFont.swift */,
				FA8A71EB289ABA4700E26196 /* UIImage.swift */,
				FA8A71F0289ABA4700E26196 /* UIImageView.swift */,
				FA8A71F1289ABA4700E26196 /* UILabel.swift */,
				FA8A71EA289ABA4700E26196 /* UINavigationBar.swift */,
				FA8A71EF289ABA4700E26196 /* UINavigationController.swift */,
				FA8A71ED289ABA4700E26196 /* UITableView.swift */,
				FA8A71F6289ABA4700E26196 /* UITextField.swift */,
				FA8A71F5289ABA4700E26196 /* UIView.swift */,
				FA8A71F3289ABA4700E26196 /* UIViewController.swift */,
			);
			name = Extension;
			sourceTree = "<group>";
		};
		FAD55DA02892A865006437BF /* JoinOrder */ = {
			isa = PBXGroup;
			children = (
			);
			name = JoinOrder;
			sourceTree = "<group>";
		};
/* End PBXGroup section */

/* Begin PBXNativeTarget section */
		324C3437286AF32A0057286A /* DIVIDE */ = {
			isa = PBXNativeTarget;
			buildConfigurationList = 324C344C286AF32B0057286A /* Build configuration list for PBXNativeTarget "DIVIDE" */;
			buildPhases = (
				99516FB512F34DF35ECC5DB2 /* [CP] Check Pods Manifest.lock */,
				324C3434286AF32A0057286A /* Sources */,
				324C3435286AF32A0057286A /* Frameworks */,
				324C3436286AF32A0057286A /* Resources */,
				ABABBE70CA667C333C369243 /* [CP] Embed Pods Frameworks */,
			);
			buildRules = (
			);
			dependencies = (
			);
			name = DIVIDE;
			packageProductDependencies = (
				FA4967B9288A9D5C000247E4 /* Kingfisher */,
				FA4967BC288A9D83000247E4 /* Kingfisher */,
			);
			productName = DIVIDE;
			productReference = 324C3438286AF32A0057286A /* DIVIDE.app */;
			productType = "com.apple.product-type.application";
		};
/* End PBXNativeTarget section */

/* Begin PBXProject section */
		324C3430286AF32A0057286A /* Project object */ = {
			isa = PBXProject;
			attributes = {
				BuildIndependentTargetsInParallel = 1;
				LastSwiftUpdateCheck = 1340;
				LastUpgradeCheck = 1340;
				TargetAttributes = {
					324C3437286AF32A0057286A = {
						CreatedOnToolsVersion = 13.4.1;
					};
				};
			};
			buildConfigurationList = 324C3433286AF32A0057286A /* Build configuration list for PBXProject "DIVIDE" */;
			compatibilityVersion = "Xcode 13.0";
			developmentRegion = en;
			hasScannedForEncodings = 0;
			knownRegions = (
				en,
				Base,
			);
			mainGroup = 324C342F286AF32A0057286A;
			packageReferences = (
				FA4967B8288A9D5C000247E4 /* XCRemoteSwiftPackageReference "Kingfisher.git" */,
			);
			productRefGroup = 324C3439286AF32A0057286A /* Products */;
			projectDirPath = "";
			projectRoot = "";
			targets = (
				324C3437286AF32A0057286A /* DIVIDE */,
			);
		};
/* End PBXProject section */

/* Begin PBXResourcesBuildPhase section */
		324C3436286AF32A0057286A /* Resources */ = {
			isa = PBXResourcesBuildPhase;
			buildActionMask = 2147483647;
			files = (
				FA59C607288ED3D7001ADD50 /* HomeBackgroundImage.png in Resources */,
				FA59C6122890067F001ADD50 /* Search.png in Resources */,
				FA2AE75528978FEF00702D43 /* 리뷰.png in Resources */,
				FA2AE75328978FEF00702D43 /* Divide.png in Resources */,
				FA2AE75D2897C0B000702D43 /* 리뷰Unselected.png in Resources */,
				324C3448286AF32B0057286A /* LaunchScreen.storyboard in Resources */,
				FA2AE75A2897C0B000702D43 /* DivideUnselected.png in Resources */,
				FA2AE75228978FEF00702D43 /* 채팅.png in Resources */,
				FA59C601288D762F001ADD50 /* logo.png in Resources */,
				FA2AE75C2897C0B000702D43 /* 채팅Unselected.png in Resources */,
				FA2AE75428978FEF00702D43 /* 기본 프로필.png in Resources */,
				FA2AE75B2897C0B000702D43 /* 기본 프로필Unselected.png in Resources */,
				324C3445286AF32B0057286A /* Assets.xcassets in Resources */,
				FA4967CA288AA249000247E4 /* pizzaImage.jpg in Resources */,
			);
			runOnlyForDeploymentPostprocessing = 0;
		};
/* End PBXResourcesBuildPhase section */

/* Begin PBXShellScriptBuildPhase section */
		99516FB512F34DF35ECC5DB2 /* [CP] Check Pods Manifest.lock */ = {
			isa = PBXShellScriptBuildPhase;
			buildActionMask = 2147483647;
			files = (
			);
			inputFileListPaths = (
			);
			inputPaths = (
				"${PODS_PODFILE_DIR_PATH}/Podfile.lock",
				"${PODS_ROOT}/Manifest.lock",
			);
			name = "[CP] Check Pods Manifest.lock";
			outputFileListPaths = (
			);
			outputPaths = (
				"$(DERIVED_FILE_DIR)/Pods-DIVIDE-checkManifestLockResult.txt",
			);
			runOnlyForDeploymentPostprocessing = 0;
			shellPath = /bin/sh;
			shellScript = "diff \"${PODS_PODFILE_DIR_PATH}/Podfile.lock\" \"${PODS_ROOT}/Manifest.lock\" > /dev/null\nif [ $? != 0 ] ; then\n    # print error to STDERR\n    echo \"error: The sandbox is not in sync with the Podfile.lock. Run 'pod install' or update your CocoaPods installation.\" >&2\n    exit 1\nfi\n# This output is used by Xcode 'outputs' to avoid re-running this script phase.\necho \"SUCCESS\" > \"${SCRIPT_OUTPUT_FILE_0}\"\n";
			showEnvVarsInLog = 0;
		};
		ABABBE70CA667C333C369243 /* [CP] Embed Pods Frameworks */ = {
			isa = PBXShellScriptBuildPhase;
			buildActionMask = 2147483647;
			files = (
			);
			inputFileListPaths = (
				"${PODS_ROOT}/Target Support Files/Pods-DIVIDE/Pods-DIVIDE-frameworks-${CONFIGURATION}-input-files.xcfilelist",
			);
			name = "[CP] Embed Pods Frameworks";
			outputFileListPaths = (
				"${PODS_ROOT}/Target Support Files/Pods-DIVIDE/Pods-DIVIDE-frameworks-${CONFIGURATION}-output-files.xcfilelist",
			);
			runOnlyForDeploymentPostprocessing = 0;
			shellPath = /bin/sh;
			shellScript = "\"${PODS_ROOT}/Target Support Files/Pods-DIVIDE/Pods-DIVIDE-frameworks.sh\"\n";
			showEnvVarsInLog = 0;
		};
/* End PBXShellScriptBuildPhase section */

/* Begin PBXSourcesBuildPhase section */
		324C3434286AF32A0057286A /* Sources */ = {
			isa = PBXSourcesBuildPhase;
			buildActionMask = 2147483647;
			files = (
				FAAD48FC289ABA0100508C12 /* Device.swift in Sources */,
				FA8A71F8289ABA4700E26196 /* UIColor.swift in Sources */,
				FAAD4905289ABA1200508C12 /* CollectionViewClass.swift in Sources */,
				FA8A7200289ABA4700E26196 /* UIImageView.swift in Sources */,
				FAAD4908289ABA1200508C12 /* NavBarClass.swift in Sources */,
				324C3440286AF32A0057286A /* HomeViewController.swift in Sources */,
				FA8A7204289ABA4700E26196 /* Array.swift in Sources */,
				FA8A71FC289ABA4700E26196 /* UIButton.swift in Sources */,
				FAAD4904289ABA1200508C12 /* ViewClass.swift in Sources */,
				FA59C63728911DD2001ADD50 /* TabBarController.swift in Sources */,
				FAAD4906289ABA1200508C12 /* TextFieldClass.swift in Sources */,
				FA8A7201289ABA4700E26196 /* UILabel.swift in Sources */,
				FA59C605288E6A24001ADD50 /* HomeTopMenuCell.swift in Sources */,
				FA8A71FB289ABA4700E26196 /* UIImage.swift in Sources */,
				FA8A71F7289ABA4700E26196 /* UIFont.swift in Sources */,
				FA8A7203289ABA4700E26196 /* UIViewController.swift in Sources */,
				FA8A7206289ABA4700E26196 /* UITextField.swift in Sources */,
				FAAD4903289ABA1200508C12 /* ButtonClass.swift in Sources */,
				FA8A71FF289ABA4700E26196 /* UINavigationController.swift in Sources */,
				FA8A71F9289ABA4700E26196 /* String.swift in Sources */,
				FAAD4907289ABA1200508C12 /* LabelClass.swift in Sources */,
				FA2C9ECB289A201600B3ACAC /* DetailPage.swift in Sources */,
				324C343C286AF32A0057286A /* AppDelegate.swift in Sources */,
				324C343E286AF32A0057286A /* SceneDelegate.swift in Sources */,
				FA8A71FA289ABA4700E26196 /* UINavigationBar.swift in Sources */,
				FAAD48F3289AB85300508C12 /* PostRecruitingViewController.swift in Sources */,
				FAAD48F2289AB85300508C12 /* TagCollectionViewCell.swift in Sources */,
				FA59C615289115EE001ADD50 /* SNSViewController.swift in Sources */,
				FA8A71FD289ABA4700E26196 /* UITableView.swift in Sources */,
				FAAD48FB289ABA0100508C12 /* IndicatorView.swift in Sources */,
				FA8A7205289ABA4700E26196 /* UIView.swift in Sources */,
				FA8A71FE289ABA4700E26196 /* Date.swift in Sources */,
				FA8A7202289ABA4700E26196 /* CALayer.swift in Sources */,
				FA4967C4288A9E2B000247E4 /* HomeTableViewCell.swift in Sources */,
			);
			runOnlyForDeploymentPostprocessing = 0;
		};
/* End PBXSourcesBuildPhase section */

/* Begin PBXVariantGroup section */
		324C3446286AF32B0057286A /* LaunchScreen.storyboard */ = {
			isa = PBXVariantGroup;
			children = (
				324C3447286AF32B0057286A /* Base */,
			);
			name = LaunchScreen.storyboard;
			sourceTree = "<group>";
		};
/* End PBXVariantGroup section */

/* Begin XCBuildConfiguration section */
		324C344A286AF32B0057286A /* Debug */ = {
			isa = XCBuildConfiguration;
			buildSettings = {
				ALWAYS_SEARCH_USER_PATHS = NO;
				CLANG_ANALYZER_NONNULL = YES;
				CLANG_ANALYZER_NUMBER_OBJECT_CONVERSION = YES_AGGRESSIVE;
				CLANG_CXX_LANGUAGE_STANDARD = "gnu++17";
				CLANG_ENABLE_MODULES = YES;
				CLANG_ENABLE_OBJC_ARC = YES;
				CLANG_ENABLE_OBJC_WEAK = YES;
				CLANG_WARN_BLOCK_CAPTURE_AUTORELEASING = YES;
				CLANG_WARN_BOOL_CONVERSION = YES;
				CLANG_WARN_COMMA = YES;
				CLANG_WARN_CONSTANT_CONVERSION = YES;
				CLANG_WARN_DEPRECATED_OBJC_IMPLEMENTATIONS = YES;
				CLANG_WARN_DIRECT_OBJC_ISA_USAGE = YES_ERROR;
				CLANG_WARN_DOCUMENTATION_COMMENTS = YES;
				CLANG_WARN_EMPTY_BODY = YES;
				CLANG_WARN_ENUM_CONVERSION = YES;
				CLANG_WARN_INFINITE_RECURSION = YES;
				CLANG_WARN_INT_CONVERSION = YES;
				CLANG_WARN_NON_LITERAL_NULL_CONVERSION = YES;
				CLANG_WARN_OBJC_IMPLICIT_RETAIN_SELF = YES;
				CLANG_WARN_OBJC_LITERAL_CONVERSION = YES;
				CLANG_WARN_OBJC_ROOT_CLASS = YES_ERROR;
				CLANG_WARN_QUOTED_INCLUDE_IN_FRAMEWORK_HEADER = YES;
				CLANG_WARN_RANGE_LOOP_ANALYSIS = YES;
				CLANG_WARN_STRICT_PROTOTYPES = YES;
				CLANG_WARN_SUSPICIOUS_MOVE = YES;
				CLANG_WARN_UNGUARDED_AVAILABILITY = YES_AGGRESSIVE;
				CLANG_WARN_UNREACHABLE_CODE = YES;
				CLANG_WARN__DUPLICATE_METHOD_MATCH = YES;
				COPY_PHASE_STRIP = NO;
				DEBUG_INFORMATION_FORMAT = dwarf;
				ENABLE_STRICT_OBJC_MSGSEND = YES;
				ENABLE_TESTABILITY = YES;
				GCC_C_LANGUAGE_STANDARD = gnu11;
				GCC_DYNAMIC_NO_PIC = NO;
				GCC_NO_COMMON_BLOCKS = YES;
				GCC_OPTIMIZATION_LEVEL = 0;
				GCC_PREPROCESSOR_DEFINITIONS = (
					"DEBUG=1",
					"$(inherited)",
				);
				GCC_WARN_64_TO_32_BIT_CONVERSION = YES;
				GCC_WARN_ABOUT_RETURN_TYPE = YES_ERROR;
				GCC_WARN_UNDECLARED_SELECTOR = YES;
				GCC_WARN_UNINITIALIZED_AUTOS = YES_AGGRESSIVE;
				GCC_WARN_UNUSED_FUNCTION = YES;
				GCC_WARN_UNUSED_VARIABLE = YES;
				IPHONEOS_DEPLOYMENT_TARGET = 15.5;
				MTL_ENABLE_DEBUG_INFO = INCLUDE_SOURCE;
				MTL_FAST_MATH = YES;
				ONLY_ACTIVE_ARCH = YES;
				SDKROOT = iphoneos;
				SWIFT_ACTIVE_COMPILATION_CONDITIONS = DEBUG;
				SWIFT_OPTIMIZATION_LEVEL = "-Onone";
			};
			name = Debug;
		};
		324C344B286AF32B0057286A /* Release */ = {
			isa = XCBuildConfiguration;
			buildSettings = {
				ALWAYS_SEARCH_USER_PATHS = NO;
				CLANG_ANALYZER_NONNULL = YES;
				CLANG_ANALYZER_NUMBER_OBJECT_CONVERSION = YES_AGGRESSIVE;
				CLANG_CXX_LANGUAGE_STANDARD = "gnu++17";
				CLANG_ENABLE_MODULES = YES;
				CLANG_ENABLE_OBJC_ARC = YES;
				CLANG_ENABLE_OBJC_WEAK = YES;
				CLANG_WARN_BLOCK_CAPTURE_AUTORELEASING = YES;
				CLANG_WARN_BOOL_CONVERSION = YES;
				CLANG_WARN_COMMA = YES;
				CLANG_WARN_CONSTANT_CONVERSION = YES;
				CLANG_WARN_DEPRECATED_OBJC_IMPLEMENTATIONS = YES;
				CLANG_WARN_DIRECT_OBJC_ISA_USAGE = YES_ERROR;
				CLANG_WARN_DOCUMENTATION_COMMENTS = YES;
				CLANG_WARN_EMPTY_BODY = YES;
				CLANG_WARN_ENUM_CONVERSION = YES;
				CLANG_WARN_INFINITE_RECURSION = YES;
				CLANG_WARN_INT_CONVERSION = YES;
				CLANG_WARN_NON_LITERAL_NULL_CONVERSION = YES;
				CLANG_WARN_OBJC_IMPLICIT_RETAIN_SELF = YES;
				CLANG_WARN_OBJC_LITERAL_CONVERSION = YES;
				CLANG_WARN_OBJC_ROOT_CLASS = YES_ERROR;
				CLANG_WARN_QUOTED_INCLUDE_IN_FRAMEWORK_HEADER = YES;
				CLANG_WARN_RANGE_LOOP_ANALYSIS = YES;
				CLANG_WARN_STRICT_PROTOTYPES = YES;
				CLANG_WARN_SUSPICIOUS_MOVE = YES;
				CLANG_WARN_UNGUARDED_AVAILABILITY = YES_AGGRESSIVE;
				CLANG_WARN_UNREACHABLE_CODE = YES;
				CLANG_WARN__DUPLICATE_METHOD_MATCH = YES;
				COPY_PHASE_STRIP = NO;
				DEBUG_INFORMATION_FORMAT = "dwarf-with-dsym";
				ENABLE_NS_ASSERTIONS = NO;
				ENABLE_STRICT_OBJC_MSGSEND = YES;
				GCC_C_LANGUAGE_STANDARD = gnu11;
				GCC_NO_COMMON_BLOCKS = YES;
				GCC_WARN_64_TO_32_BIT_CONVERSION = YES;
				GCC_WARN_ABOUT_RETURN_TYPE = YES_ERROR;
				GCC_WARN_UNDECLARED_SELECTOR = YES;
				GCC_WARN_UNINITIALIZED_AUTOS = YES_AGGRESSIVE;
				GCC_WARN_UNUSED_FUNCTION = YES;
				GCC_WARN_UNUSED_VARIABLE = YES;
				IPHONEOS_DEPLOYMENT_TARGET = 15.5;
				MTL_ENABLE_DEBUG_INFO = NO;
				MTL_FAST_MATH = YES;
				SDKROOT = iphoneos;
				SWIFT_COMPILATION_MODE = wholemodule;
				SWIFT_OPTIMIZATION_LEVEL = "-O";
				VALIDATE_PRODUCT = YES;
			};
			name = Release;
		};
		324C344D286AF32B0057286A /* Debug */ = {
			isa = XCBuildConfiguration;
			baseConfigurationReference = DD864471D39EC034FFE391B5 /* Pods-DIVIDE.debug.xcconfig */;
			buildSettings = {
				ASSETCATALOG_COMPILER_APPICON_NAME = AppIcon;
				ASSETCATALOG_COMPILER_GLOBAL_ACCENT_COLOR_NAME = AccentColor;
				CODE_SIGN_STYLE = Automatic;
				CURRENT_PROJECT_VERSION = 1;
				GENERATE_INFOPLIST_FILE = YES;
				INFOPLIST_FILE = DIVIDE/Info.plist;
				INFOPLIST_KEY_UIApplicationSupportsIndirectInputEvents = YES;
				INFOPLIST_KEY_UILaunchStoryboardName = LaunchScreen;
				INFOPLIST_KEY_UISupportedInterfaceOrientations_iPad = "UIInterfaceOrientationPortrait UIInterfaceOrientationPortraitUpsideDown UIInterfaceOrientationLandscapeLeft UIInterfaceOrientationLandscapeRight";
				INFOPLIST_KEY_UISupportedInterfaceOrientations_iPhone = "UIInterfaceOrientationPortrait UIInterfaceOrientationLandscapeLeft UIInterfaceOrientationLandscapeRight";
				LD_RUNPATH_SEARCH_PATHS = (
					"$(inherited)",
					"@executable_path/Frameworks",
				);
				MARKETING_VERSION = 1.0;
				PRODUCT_BUNDLE_IDENTIFIER = net.umc.DIVIDE;
				PRODUCT_NAME = "$(TARGET_NAME)";
				SWIFT_EMIT_LOC_STRINGS = YES;
				SWIFT_VERSION = 5.0;
				TARGETED_DEVICE_FAMILY = "1,2";
			};
			name = Debug;
		};
		324C344E286AF32B0057286A /* Release */ = {
			isa = XCBuildConfiguration;
			baseConfigurationReference = AC49C26AB0682970DFC4401E /* Pods-DIVIDE.release.xcconfig */;
			buildSettings = {
				ASSETCATALOG_COMPILER_APPICON_NAME = AppIcon;
				ASSETCATALOG_COMPILER_GLOBAL_ACCENT_COLOR_NAME = AccentColor;
				CODE_SIGN_STYLE = Automatic;
				CURRENT_PROJECT_VERSION = 1;
				GENERATE_INFOPLIST_FILE = YES;
				INFOPLIST_FILE = DIVIDE/Info.plist;
				INFOPLIST_KEY_UIApplicationSupportsIndirectInputEvents = YES;
				INFOPLIST_KEY_UILaunchStoryboardName = LaunchScreen;
				INFOPLIST_KEY_UISupportedInterfaceOrientations_iPad = "UIInterfaceOrientationPortrait UIInterfaceOrientationPortraitUpsideDown UIInterfaceOrientationLandscapeLeft UIInterfaceOrientationLandscapeRight";
				INFOPLIST_KEY_UISupportedInterfaceOrientations_iPhone = "UIInterfaceOrientationPortrait UIInterfaceOrientationLandscapeLeft UIInterfaceOrientationLandscapeRight";
				LD_RUNPATH_SEARCH_PATHS = (
					"$(inherited)",
					"@executable_path/Frameworks",
				);
				MARKETING_VERSION = 1.0;
				PRODUCT_BUNDLE_IDENTIFIER = net.umc.DIVIDE;
				PRODUCT_NAME = "$(TARGET_NAME)";
				SWIFT_EMIT_LOC_STRINGS = YES;
				SWIFT_VERSION = 5.0;
				TARGETED_DEVICE_FAMILY = "1,2";
			};
			name = Release;
		};
/* End XCBuildConfiguration section */

/* Begin XCConfigurationList section */
		324C3433286AF32A0057286A /* Build configuration list for PBXProject "DIVIDE" */ = {
			isa = XCConfigurationList;
			buildConfigurations = (
				324C344A286AF32B0057286A /* Debug */,
				324C344B286AF32B0057286A /* Release */,
			);
			defaultConfigurationIsVisible = 0;
			defaultConfigurationName = Release;
		};
		324C344C286AF32B0057286A /* Build configuration list for PBXNativeTarget "DIVIDE" */ = {
			isa = XCConfigurationList;
			buildConfigurations = (
				324C344D286AF32B0057286A /* Debug */,
				324C344E286AF32B0057286A /* Release */,
			);
			defaultConfigurationIsVisible = 0;
			defaultConfigurationName = Release;
		};
/* End XCConfigurationList section */

/* Begin XCRemoteSwiftPackageReference section */
		FA4967B8288A9D5C000247E4 /* XCRemoteSwiftPackageReference "Kingfisher.git" */ = {
			isa = XCRemoteSwiftPackageReference;
			repositoryURL = "https://github.com/onevcat/Kingfisher.git";
			requirement = {
				branch = master;
				kind = branch;
			};
		};
/* End XCRemoteSwiftPackageReference section */

/* Begin XCSwiftPackageProductDependency section */
		FA4967B9288A9D5C000247E4 /* Kingfisher */ = {
			isa = XCSwiftPackageProductDependency;
			package = FA4967B8288A9D5C000247E4 /* XCRemoteSwiftPackageReference "Kingfisher.git" */;
			productName = Kingfisher;
		};
		FA4967BC288A9D83000247E4 /* Kingfisher */ = {
			isa = XCSwiftPackageProductDependency;
			package = FA4967B8288A9D5C000247E4 /* XCRemoteSwiftPackageReference "Kingfisher.git" */;
			productName = Kingfisher;
		};
/* End XCSwiftPackageProductDependency section */
	};
	rootObject = 324C3430286AF32A0057286A /* Project object */;
}
