// !$*UTF8*$!
{
	archiveVersion = 1;
	classes = {
	};
	objectVersion = 55;
	objects = {

/* Begin PBXBuildFile section */
		324C343C286AF32A0057286A /* AppDelegate.swift in Sources */ = {isa = PBXBuildFile; fileRef = 324C343B286AF32A0057286A /* AppDelegate.swift */; };
		324C343E286AF32A0057286A /* SceneDelegate.swift in Sources */ = {isa = PBXBuildFile; fileRef = 324C343D286AF32A0057286A /* SceneDelegate.swift */; };
		324C3440286AF32A0057286A /* ViewController.swift in Sources */ = {isa = PBXBuildFile; fileRef = 324C343F286AF32A0057286A /* ViewController.swift */; };
		324C3443286AF32A0057286A /* Main.storyboard in Resources */ = {isa = PBXBuildFile; fileRef = 324C3441286AF32A0057286A /* Main.storyboard */; };
		324C3445286AF32B0057286A /* Assets.xcassets in Resources */ = {isa = PBXBuildFile; fileRef = 324C3444286AF32B0057286A /* Assets.xcassets */; };
		324C3448286AF32B0057286A /* LaunchScreen.storyboard in Resources */ = {isa = PBXBuildFile; fileRef = 324C3446286AF32B0057286A /* LaunchScreen.storyboard */; };
		3272B65728731A35002DF37A /* IndicatorView.swift in Sources */ = {isa = PBXBuildFile; fileRef = 3272B65628731A35002DF37A /* IndicatorView.swift */; };
		3272B65928731AAF002DF37A /* Device.swift in Sources */ = {isa = PBXBuildFile; fileRef = 3272B65828731AAF002DF37A /* Device.swift */; };
		3272B65B28731B05002DF37A /* Date.swift in Sources */ = {isa = PBXBuildFile; fileRef = 3272B65A28731B05002DF37A /* Date.swift */; };
		3272B65D28731B13002DF37A /* UIColor.swift in Sources */ = {isa = PBXBuildFile; fileRef = 3272B65C28731B13002DF37A /* UIColor.swift */; };
		3272B65F28731B46002DF37A /* String.swift in Sources */ = {isa = PBXBuildFile; fileRef = 3272B65E28731B46002DF37A /* String.swift */; };
		3272B66128731B66002DF37A /* UIButton.swift in Sources */ = {isa = PBXBuildFile; fileRef = 3272B66028731B66002DF37A /* UIButton.swift */; };
		3272B66328731B6F002DF37A /* UIImage.swift in Sources */ = {isa = PBXBuildFile; fileRef = 3272B66228731B6F002DF37A /* UIImage.swift */; };
		3272B66528731B7D002DF37A /* UIViewController.swift in Sources */ = {isa = PBXBuildFile; fileRef = 3272B66428731B7D002DF37A /* UIViewController.swift */; };
		3272B66828731B95002DF37A /* UINavigationBar.swift in Sources */ = {isa = PBXBuildFile; fileRef = 3272B66728731B95002DF37A /* UINavigationBar.swift */; };
		3272B66A28731BA1002DF37A /* UIImageView.swift in Sources */ = {isa = PBXBuildFile; fileRef = 3272B66928731BA1002DF37A /* UIImageView.swift */; };
		3272B66C28731BAE002DF37A /* UIFont.swift in Sources */ = {isa = PBXBuildFile; fileRef = 3272B66B28731BAE002DF37A /* UIFont.swift */; };
		3272B66E28731BB7002DF37A /* UIView.swift in Sources */ = {isa = PBXBuildFile; fileRef = 3272B66D28731BB7002DF37A /* UIView.swift */; };
		3272B67028731BC1002DF37A /* UILabel.swift in Sources */ = {isa = PBXBuildFile; fileRef = 3272B66F28731BC1002DF37A /* UILabel.swift */; };
		3272B67228731BCC002DF37A /* UITextField.swift in Sources */ = {isa = PBXBuildFile; fileRef = 3272B67128731BCC002DF37A /* UITextField.swift */; };
		3272B67428731BD6002DF37A /* UITableView.swift in Sources */ = {isa = PBXBuildFile; fileRef = 3272B67328731BD6002DF37A /* UITableView.swift */; };
		3272B67628731BE3002DF37A /* CALayer.swift in Sources */ = {isa = PBXBuildFile; fileRef = 3272B67528731BE2002DF37A /* CALayer.swift */; };
		3272B67828731BF0002DF37A /* UINavigationController.swift in Sources */ = {isa = PBXBuildFile; fileRef = 3272B67728731BF0002DF37A /* UINavigationController.swift */; };
		3272B67A28731BF9002DF37A /* Array.swift in Sources */ = {isa = PBXBuildFile; fileRef = 3272B67928731BF9002DF37A /* Array.swift */; };
		78B691AC0D85452047520A6D /* Pods_DIVIDE.framework in Frameworks */ = {isa = PBXBuildFile; fileRef = 5812F4895A88AACE8922BE83 /* Pods_DIVIDE.framework */; };
/* End PBXBuildFile section */

/* Begin PBXFileReference section */
		324C3438286AF32A0057286A /* DIVIDE.app */ = {isa = PBXFileReference; explicitFileType = wrapper.application; includeInIndex = 0; path = DIVIDE.app; sourceTree = BUILT_PRODUCTS_DIR; };
		324C343B286AF32A0057286A /* AppDelegate.swift */ = {isa = PBXFileReference; lastKnownFileType = sourcecode.swift; path = AppDelegate.swift; sourceTree = "<group>"; };
		324C343D286AF32A0057286A /* SceneDelegate.swift */ = {isa = PBXFileReference; lastKnownFileType = sourcecode.swift; path = SceneDelegate.swift; sourceTree = "<group>"; };
		324C343F286AF32A0057286A /* ViewController.swift */ = {isa = PBXFileReference; lastKnownFileType = sourcecode.swift; path = ViewController.swift; sourceTree = "<group>"; };
		324C3442286AF32A0057286A /* Base */ = {isa = PBXFileReference; lastKnownFileType = file.storyboard; name = Base; path = Base.lproj/Main.storyboard; sourceTree = "<group>"; };
		324C3444286AF32B0057286A /* Assets.xcassets */ = {isa = PBXFileReference; lastKnownFileType = folder.assetcatalog; path = Assets.xcassets; sourceTree = "<group>"; };
		324C3447286AF32B0057286A /* Base */ = {isa = PBXFileReference; lastKnownFileType = file.storyboard; name = Base; path = Base.lproj/LaunchScreen.storyboard; sourceTree = "<group>"; };
		324C3449286AF32B0057286A /* Info.plist */ = {isa = PBXFileReference; lastKnownFileType = text.plist.xml; path = Info.plist; sourceTree = "<group>"; };
		3272B65628731A35002DF37A /* IndicatorView.swift */ = {isa = PBXFileReference; lastKnownFileType = sourcecode.swift; path = IndicatorView.swift; sourceTree = "<group>"; };
		3272B65828731AAF002DF37A /* Device.swift */ = {isa = PBXFileReference; lastKnownFileType = sourcecode.swift; path = Device.swift; sourceTree = "<group>"; };
		3272B65A28731B05002DF37A /* Date.swift */ = {isa = PBXFileReference; lastKnownFileType = sourcecode.swift; path = Date.swift; sourceTree = "<group>"; };
		3272B65C28731B13002DF37A /* UIColor.swift */ = {isa = PBXFileReference; lastKnownFileType = sourcecode.swift; path = UIColor.swift; sourceTree = "<group>"; };
		3272B65E28731B46002DF37A /* String.swift */ = {isa = PBXFileReference; lastKnownFileType = sourcecode.swift; path = String.swift; sourceTree = "<group>"; };
		3272B66028731B66002DF37A /* UIButton.swift */ = {isa = PBXFileReference; lastKnownFileType = sourcecode.swift; path = UIButton.swift; sourceTree = "<group>"; };
		3272B66228731B6F002DF37A /* UIImage.swift */ = {isa = PBXFileReference; lastKnownFileType = sourcecode.swift; path = UIImage.swift; sourceTree = "<group>"; };
		3272B66428731B7D002DF37A /* UIViewController.swift */ = {isa = PBXFileReference; lastKnownFileType = sourcecode.swift; path = UIViewController.swift; sourceTree = "<group>"; };
		3272B66728731B95002DF37A /* UINavigationBar.swift */ = {isa = PBXFileReference; lastKnownFileType = sourcecode.swift; path = UINavigationBar.swift; sourceTree = "<group>"; };
		3272B66928731BA1002DF37A /* UIImageView.swift */ = {isa = PBXFileReference; lastKnownFileType = sourcecode.swift; path = UIImageView.swift; sourceTree = "<group>"; };
		3272B66B28731BAE002DF37A /* UIFont.swift */ = {isa = PBXFileReference; lastKnownFileType = sourcecode.swift; path = UIFont.swift; sourceTree = "<group>"; };
		3272B66D28731BB7002DF37A /* UIView.swift */ = {isa = PBXFileReference; lastKnownFileType = sourcecode.swift; path = UIView.swift; sourceTree = "<group>"; };
		3272B66F28731BC1002DF37A /* UILabel.swift */ = {isa = PBXFileReference; lastKnownFileType = sourcecode.swift; path = UILabel.swift; sourceTree = "<group>"; };
		3272B67128731BCC002DF37A /* UITextField.swift */ = {isa = PBXFileReference; lastKnownFileType = sourcecode.swift; path = UITextField.swift; sourceTree = "<group>"; };
		3272B67328731BD6002DF37A /* UITableView.swift */ = {isa = PBXFileReference; lastKnownFileType = sourcecode.swift; path = UITableView.swift; sourceTree = "<group>"; };
		3272B67528731BE2002DF37A /* CALayer.swift */ = {isa = PBXFileReference; lastKnownFileType = sourcecode.swift; path = CALayer.swift; sourceTree = "<group>"; };
		3272B67728731BF0002DF37A /* UINavigationController.swift */ = {isa = PBXFileReference; lastKnownFileType = sourcecode.swift; path = UINavigationController.swift; sourceTree = "<group>"; };
		3272B67928731BF9002DF37A /* Array.swift */ = {isa = PBXFileReference; lastKnownFileType = sourcecode.swift; path = Array.swift; sourceTree = "<group>"; };
		5812F4895A88AACE8922BE83 /* Pods_DIVIDE.framework */ = {isa = PBXFileReference; explicitFileType = wrapper.framework; includeInIndex = 0; path = Pods_DIVIDE.framework; sourceTree = BUILT_PRODUCTS_DIR; };
		AC49C26AB0682970DFC4401E /* Pods-DIVIDE.release.xcconfig */ = {isa = PBXFileReference; includeInIndex = 1; lastKnownFileType = text.xcconfig; name = "Pods-DIVIDE.release.xcconfig"; path = "Target Support Files/Pods-DIVIDE/Pods-DIVIDE.release.xcconfig"; sourceTree = "<group>"; };
		DD864471D39EC034FFE391B5 /* Pods-DIVIDE.debug.xcconfig */ = {isa = PBXFileReference; includeInIndex = 1; lastKnownFileType = text.xcconfig; name = "Pods-DIVIDE.debug.xcconfig"; path = "Target Support Files/Pods-DIVIDE/Pods-DIVIDE.debug.xcconfig"; sourceTree = "<group>"; };
/* End PBXFileReference section */

/* Begin PBXFrameworksBuildPhase section */
		324C3435286AF32A0057286A /* Frameworks */ = {
			isa = PBXFrameworksBuildPhase;
			buildActionMask = 2147483647;
			files = (
				78B691AC0D85452047520A6D /* Pods_DIVIDE.framework in Frameworks */,
			);
			runOnlyForDeploymentPostprocessing = 0;
		};
/* End PBXFrameworksBuildPhase section */

/* Begin PBXGroup section */
		2FADAF24B907EE6FC21B7CC7 /* Frameworks */ = {
			isa = PBXGroup;
			children = (
				5812F4895A88AACE8922BE83 /* Pods_DIVIDE.framework */,
			);
			name = Frameworks;
			sourceTree = "<group>";
		};
		324C342F286AF32A0057286A = {
			isa = PBXGroup;
			children = (
				324C343A286AF32A0057286A /* DIVIDE */,
				324C3439286AF32A0057286A /* Products */,
				7C347BCB9EF661EE6A192399 /* Pods */,
				2FADAF24B907EE6FC21B7CC7 /* Frameworks */,
			);
			sourceTree = "<group>";
		};
		324C3439286AF32A0057286A /* Products */ = {
			isa = PBXGroup;
			children = (
				324C3438286AF32A0057286A /* DIVIDE.app */,
			);
			name = Products;
			sourceTree = "<group>";
		};
		324C343A286AF32A0057286A /* DIVIDE */ = {
			isa = PBXGroup;
			children = (
				3272B651287319EA002DF37A /* Configuration */,
				324C343B286AF32A0057286A /* AppDelegate.swift */,
				324C343D286AF32A0057286A /* SceneDelegate.swift */,
				324C343F286AF32A0057286A /* ViewController.swift */,
				324C3441286AF32A0057286A /* Main.storyboard */,
				324C3444286AF32B0057286A /* Assets.xcassets */,
				324C3446286AF32B0057286A /* LaunchScreen.storyboard */,
				324C3449286AF32B0057286A /* Info.plist */,
			);
			path = DIVIDE;
			sourceTree = "<group>";
		};
		3272B651287319EA002DF37A /* Configuration */ = {
			isa = PBXGroup;
			children = (
				3272B65528731A16002DF37A /* Base */,
				3272B65428731A0F002DF37A /* Font */,
				3272B65328731A02002DF37A /* Extension */,
				3272B652287319F8002DF37A /* Common Class */,
			);
			path = Configuration;
			sourceTree = "<group>";
		};
		3272B652287319F8002DF37A /* Common Class */ = {
			isa = PBXGroup;
			children = (
				3272B65628731A35002DF37A /* IndicatorView.swift */,
				3272B65828731AAF002DF37A /* Device.swift */,
			);
			path = "Common Class";
			sourceTree = "<group>";
		};
		3272B65328731A02002DF37A /* Extension */ = {
			isa = PBXGroup;
			children = (
				3272B65A28731B05002DF37A /* Date.swift */,
				3272B65C28731B13002DF37A /* UIColor.swift */,
				3272B65E28731B46002DF37A /* String.swift */,
				3272B66028731B66002DF37A /* UIButton.swift */,
				3272B66228731B6F002DF37A /* UIImage.swift */,
				3272B66428731B7D002DF37A /* UIViewController.swift */,
				3272B66728731B95002DF37A /* UINavigationBar.swift */,
				3272B66928731BA1002DF37A /* UIImageView.swift */,
				3272B66B28731BAE002DF37A /* UIFont.swift */,
				3272B66D28731BB7002DF37A /* UIView.swift */,
				3272B66F28731BC1002DF37A /* UILabel.swift */,
				3272B67128731BCC002DF37A /* UITextField.swift */,
				3272B67328731BD6002DF37A /* UITableView.swift */,
				3272B67528731BE2002DF37A /* CALayer.swift */,
				3272B67728731BF0002DF37A /* UINavigationController.swift */,
				3272B67928731BF9002DF37A /* Array.swift */,
			);
			path = Extension;
			sourceTree = "<group>";
		};
		3272B65428731A0F002DF37A /* Font */ = {
			isa = PBXGroup;
			children = (
			);
			path = Font;
			sourceTree = "<group>";
		};
		3272B65528731A16002DF37A /* Base */ = {
			isa = PBXGroup;
			children = (
			);
			path = Base;
			sourceTree = "<group>";
		};
		7C347BCB9EF661EE6A192399 /* Pods */ = {
			isa = PBXGroup;
			children = (
				DD864471D39EC034FFE391B5 /* Pods-DIVIDE.debug.xcconfig */,
				AC49C26AB0682970DFC4401E /* Pods-DIVIDE.release.xcconfig */,
			);
			name = Pods;
			path = Pods;
			sourceTree = "<group>";
		};
/* End PBXGroup section */

/* Begin PBXNativeTarget section */
		324C3437286AF32A0057286A /* DIVIDE */ = {
			isa = PBXNativeTarget;
			buildConfigurationList = 324C344C286AF32B0057286A /* Build configuration list for PBXNativeTarget "DIVIDE" */;
			buildPhases = (
				99516FB512F34DF35ECC5DB2 /* [CP] Check Pods Manifest.lock */,
				324C3434286AF32A0057286A /* Sources */,
				324C3435286AF32A0057286A /* Frameworks */,
				324C3436286AF32A0057286A /* Resources */,
				ABABBE70CA667C333C369243 /* [CP] Embed Pods Frameworks */,
			);
			buildRules = (
			);
			dependencies = (
			);
			name = DIVIDE;
			productName = DIVIDE;
			productReference = 324C3438286AF32A0057286A /* DIVIDE.app */;
			productType = "com.apple.product-type.application";
		};
/* End PBXNativeTarget section */

/* Begin PBXProject section */
		324C3430286AF32A0057286A /* Project object */ = {
			isa = PBXProject;
			attributes = {
				BuildIndependentTargetsInParallel = 1;
				LastSwiftUpdateCheck = 1340;
				LastUpgradeCheck = 1340;
				TargetAttributes = {
					324C3437286AF32A0057286A = {
						CreatedOnToolsVersion = 13.4.1;
					};
				};
			};
			buildConfigurationList = 324C3433286AF32A0057286A /* Build configuration list for PBXProject "DIVIDE" */;
			compatibilityVersion = "Xcode 13.0";
			developmentRegion = en;
			hasScannedForEncodings = 0;
			knownRegions = (
				en,
				Base,
			);
			mainGroup = 324C342F286AF32A0057286A;
			productRefGroup = 324C3439286AF32A0057286A /* Products */;
			projectDirPath = "";
			projectRoot = "";
			targets = (
				324C3437286AF32A0057286A /* DIVIDE */,
			);
		};
/* End PBXProject section */

/* Begin PBXResourcesBuildPhase section */
		324C3436286AF32A0057286A /* Resources */ = {
			isa = PBXResourcesBuildPhase;
			buildActionMask = 2147483647;
			files = (
				324C3448286AF32B0057286A /* LaunchScreen.storyboard in Resources */,
				324C3445286AF32B0057286A /* Assets.xcassets in Resources */,
				324C3443286AF32A0057286A /* Main.storyboard in Resources */,
			);
			runOnlyForDeploymentPostprocessing = 0;
		};
/* End PBXResourcesBuildPhase section */

/* Begin PBXShellScriptBuildPhase section */
		99516FB512F34DF35ECC5DB2 /* [CP] Check Pods Manifest.lock */ = {
			isa = PBXShellScriptBuildPhase;
			buildActionMask = 2147483647;
			files = (
			);
			inputFileListPaths = (
			);
			inputPaths = (
				"${PODS_PODFILE_DIR_PATH}/Podfile.lock",
				"${PODS_ROOT}/Manifest.lock",
			);
			name = "[CP] Check Pods Manifest.lock";
			outputFileListPaths = (
			);
			outputPaths = (
				"$(DERIVED_FILE_DIR)/Pods-DIVIDE-checkManifestLockResult.txt",
			);
			runOnlyForDeploymentPostprocessing = 0;
			shellPath = /bin/sh;
			shellScript = "diff \"${PODS_PODFILE_DIR_PATH}/Podfile.lock\" \"${PODS_ROOT}/Manifest.lock\" > /dev/null\nif [ $? != 0 ] ; then\n    # print error to STDERR\n    echo \"error: The sandbox is not in sync with the Podfile.lock. Run 'pod install' or update your CocoaPods installation.\" >&2\n    exit 1\nfi\n# This output is used by Xcode 'outputs' to avoid re-running this script phase.\necho \"SUCCESS\" > \"${SCRIPT_OUTPUT_FILE_0}\"\n";
			showEnvVarsInLog = 0;
		};
		ABABBE70CA667C333C369243 /* [CP] Embed Pods Frameworks */ = {
			isa = PBXShellScriptBuildPhase;
			buildActionMask = 2147483647;
			files = (
			);
			inputFileListPaths = (
				"${PODS_ROOT}/Target Support Files/Pods-DIVIDE/Pods-DIVIDE-frameworks-${CONFIGURATION}-input-files.xcfilelist",
			);
			name = "[CP] Embed Pods Frameworks";
			outputFileListPaths = (
				"${PODS_ROOT}/Target Support Files/Pods-DIVIDE/Pods-DIVIDE-frameworks-${CONFIGURATION}-output-files.xcfilelist",
			);
			runOnlyForDeploymentPostprocessing = 0;
			shellPath = /bin/sh;
			shellScript = "\"${PODS_ROOT}/Target Support Files/Pods-DIVIDE/Pods-DIVIDE-frameworks.sh\"\n";
			showEnvVarsInLog = 0;
		};
/* End PBXShellScriptBuildPhase section */

/* Begin PBXSourcesBuildPhase section */
		324C3434286AF32A0057286A /* Sources */ = {
			isa = PBXSourcesBuildPhase;
			buildActionMask = 2147483647;
			files = (
				324C3440286AF32A0057286A /* ViewController.swift in Sources */,
				3272B67828731BF0002DF37A /* UINavigationController.swift in Sources */,
				3272B66328731B6F002DF37A /* UIImage.swift in Sources */,
				3272B65D28731B13002DF37A /* UIColor.swift in Sources */,
				3272B67628731BE3002DF37A /* CALayer.swift in Sources */,
				3272B66A28731BA1002DF37A /* UIImageView.swift in Sources */,
				3272B66828731B95002DF37A /* UINavigationBar.swift in Sources */,
				3272B67428731BD6002DF37A /* UITableView.swift in Sources */,
				3272B66528731B7D002DF37A /* UIViewController.swift in Sources */,
				3272B67A28731BF9002DF37A /* Array.swift in Sources */,
				3272B67028731BC1002DF37A /* UILabel.swift in Sources */,
				3272B65B28731B05002DF37A /* Date.swift in Sources */,
				324C343C286AF32A0057286A /* AppDelegate.swift in Sources */,
				3272B65728731A35002DF37A /* IndicatorView.swift in Sources */,
				324C343E286AF32A0057286A /* SceneDelegate.swift in Sources */,
				3272B66E28731BB7002DF37A /* UIView.swift in Sources */,
				3272B66C28731BAE002DF37A /* UIFont.swift in Sources */,
				3272B65F28731B46002DF37A /* String.swift in Sources */,
				3272B65928731AAF002DF37A /* Device.swift in Sources */,
				3272B67228731BCC002DF37A /* UITextField.swift in Sources */,
				3272B66128731B66002DF37A /* UIButton.swift in Sources */,
			);
			runOnlyForDeploymentPostprocessing = 0;
		};
/* End PBXSourcesBuildPhase section */

/* Begin PBXVariantGroup section */
		324C3441286AF32A0057286A /* Main.storyboard */ = {
			isa = PBXVariantGroup;
			children = (
				324C3442286AF32A0057286A /* Base */,
			);
			name = Main.storyboard;
			sourceTree = "<group>";
		};
		324C3446286AF32B0057286A /* LaunchScreen.storyboard */ = {
			isa = PBXVariantGroup;
			children = (
				324C3447286AF32B0057286A /* Base */,
			);
			name = LaunchScreen.storyboard;
			sourceTree = "<group>";
		};
/* End PBXVariantGroup section */

/* Begin XCBuildConfiguration section */
		324C344A286AF32B0057286A /* Debug */ = {
			isa = XCBuildConfiguration;
			buildSettings = {
				ALWAYS_SEARCH_USER_PATHS = NO;
				CLANG_ANALYZER_NONNULL = YES;
				CLANG_ANALYZER_NUMBER_OBJECT_CONVERSION = YES_AGGRESSIVE;
				CLANG_CXX_LANGUAGE_STANDARD = "gnu++17";
				CLANG_ENABLE_MODULES = YES;
				CLANG_ENABLE_OBJC_ARC = YES;
				CLANG_ENABLE_OBJC_WEAK = YES;
				CLANG_WARN_BLOCK_CAPTURE_AUTORELEASING = YES;
				CLANG_WARN_BOOL_CONVERSION = YES;
				CLANG_WARN_COMMA = YES;
				CLANG_WARN_CONSTANT_CONVERSION = YES;
				CLANG_WARN_DEPRECATED_OBJC_IMPLEMENTATIONS = YES;
				CLANG_WARN_DIRECT_OBJC_ISA_USAGE = YES_ERROR;
				CLANG_WARN_DOCUMENTATION_COMMENTS = YES;
				CLANG_WARN_EMPTY_BODY = YES;
				CLANG_WARN_ENUM_CONVERSION = YES;
				CLANG_WARN_INFINITE_RECURSION = YES;
				CLANG_WARN_INT_CONVERSION = YES;
				CLANG_WARN_NON_LITERAL_NULL_CONVERSION = YES;
				CLANG_WARN_OBJC_IMPLICIT_RETAIN_SELF = YES;
				CLANG_WARN_OBJC_LITERAL_CONVERSION = YES;
				CLANG_WARN_OBJC_ROOT_CLASS = YES_ERROR;
				CLANG_WARN_QUOTED_INCLUDE_IN_FRAMEWORK_HEADER = YES;
				CLANG_WARN_RANGE_LOOP_ANALYSIS = YES;
				CLANG_WARN_STRICT_PROTOTYPES = YES;
				CLANG_WARN_SUSPICIOUS_MOVE = YES;
				CLANG_WARN_UNGUARDED_AVAILABILITY = YES_AGGRESSIVE;
				CLANG_WARN_UNREACHABLE_CODE = YES;
				CLANG_WARN__DUPLICATE_METHOD_MATCH = YES;
				COPY_PHASE_STRIP = NO;
				DEBUG_INFORMATION_FORMAT = dwarf;
				ENABLE_STRICT_OBJC_MSGSEND = YES;
				ENABLE_TESTABILITY = YES;
				GCC_C_LANGUAGE_STANDARD = gnu11;
				GCC_DYNAMIC_NO_PIC = NO;
				GCC_NO_COMMON_BLOCKS = YES;
				GCC_OPTIMIZATION_LEVEL = 0;
				GCC_PREPROCESSOR_DEFINITIONS = (
					"DEBUG=1",
					"$(inherited)",
				);
				GCC_WARN_64_TO_32_BIT_CONVERSION = YES;
				GCC_WARN_ABOUT_RETURN_TYPE = YES_ERROR;
				GCC_WARN_UNDECLARED_SELECTOR = YES;
				GCC_WARN_UNINITIALIZED_AUTOS = YES_AGGRESSIVE;
				GCC_WARN_UNUSED_FUNCTION = YES;
				GCC_WARN_UNUSED_VARIABLE = YES;
				IPHONEOS_DEPLOYMENT_TARGET = 15.5;
				MTL_ENABLE_DEBUG_INFO = INCLUDE_SOURCE;
				MTL_FAST_MATH = YES;
				ONLY_ACTIVE_ARCH = YES;
				SDKROOT = iphoneos;
				SWIFT_ACTIVE_COMPILATION_CONDITIONS = DEBUG;
				SWIFT_OPTIMIZATION_LEVEL = "-Onone";
			};
			name = Debug;
		};
		324C344B286AF32B0057286A /* Release */ = {
			isa = XCBuildConfiguration;
			buildSettings = {
				ALWAYS_SEARCH_USER_PATHS = NO;
				CLANG_ANALYZER_NONNULL = YES;
				CLANG_ANALYZER_NUMBER_OBJECT_CONVERSION = YES_AGGRESSIVE;
				CLANG_CXX_LANGUAGE_STANDARD = "gnu++17";
				CLANG_ENABLE_MODULES = YES;
				CLANG_ENABLE_OBJC_ARC = YES;
				CLANG_ENABLE_OBJC_WEAK = YES;
				CLANG_WARN_BLOCK_CAPTURE_AUTORELEASING = YES;
				CLANG_WARN_BOOL_CONVERSION = YES;
				CLANG_WARN_COMMA = YES;
				CLANG_WARN_CONSTANT_CONVERSION = YES;
				CLANG_WARN_DEPRECATED_OBJC_IMPLEMENTATIONS = YES;
				CLANG_WARN_DIRECT_OBJC_ISA_USAGE = YES_ERROR;
				CLANG_WARN_DOCUMENTATION_COMMENTS = YES;
				CLANG_WARN_EMPTY_BODY = YES;
				CLANG_WARN_ENUM_CONVERSION = YES;
				CLANG_WARN_INFINITE_RECURSION = YES;
				CLANG_WARN_INT_CONVERSION = YES;
				CLANG_WARN_NON_LITERAL_NULL_CONVERSION = YES;
				CLANG_WARN_OBJC_IMPLICIT_RETAIN_SELF = YES;
				CLANG_WARN_OBJC_LITERAL_CONVERSION = YES;
				CLANG_WARN_OBJC_ROOT_CLASS = YES_ERROR;
				CLANG_WARN_QUOTED_INCLUDE_IN_FRAMEWORK_HEADER = YES;
				CLANG_WARN_RANGE_LOOP_ANALYSIS = YES;
				CLANG_WARN_STRICT_PROTOTYPES = YES;
				CLANG_WARN_SUSPICIOUS_MOVE = YES;
				CLANG_WARN_UNGUARDED_AVAILABILITY = YES_AGGRESSIVE;
				CLANG_WARN_UNREACHABLE_CODE = YES;
				CLANG_WARN__DUPLICATE_METHOD_MATCH = YES;
				COPY_PHASE_STRIP = NO;
				DEBUG_INFORMATION_FORMAT = "dwarf-with-dsym";
				ENABLE_NS_ASSERTIONS = NO;
				ENABLE_STRICT_OBJC_MSGSEND = YES;
				GCC_C_LANGUAGE_STANDARD = gnu11;
				GCC_NO_COMMON_BLOCKS = YES;
				GCC_WARN_64_TO_32_BIT_CONVERSION = YES;
				GCC_WARN_ABOUT_RETURN_TYPE = YES_ERROR;
				GCC_WARN_UNDECLARED_SELECTOR = YES;
				GCC_WARN_UNINITIALIZED_AUTOS = YES_AGGRESSIVE;
				GCC_WARN_UNUSED_FUNCTION = YES;
				GCC_WARN_UNUSED_VARIABLE = YES;
				IPHONEOS_DEPLOYMENT_TARGET = 15.5;
				MTL_ENABLE_DEBUG_INFO = NO;
				MTL_FAST_MATH = YES;
				SDKROOT = iphoneos;
				SWIFT_COMPILATION_MODE = wholemodule;
				SWIFT_OPTIMIZATION_LEVEL = "-O";
				VALIDATE_PRODUCT = YES;
			};
			name = Release;
		};
		324C344D286AF32B0057286A /* Debug */ = {
			isa = XCBuildConfiguration;
			baseConfigurationReference = DD864471D39EC034FFE391B5 /* Pods-DIVIDE.debug.xcconfig */;
			buildSettings = {
				ASSETCATALOG_COMPILER_APPICON_NAME = AppIcon;
				ASSETCATALOG_COMPILER_GLOBAL_ACCENT_COLOR_NAME = AccentColor;
				CODE_SIGN_STYLE = Automatic;
				CURRENT_PROJECT_VERSION = 1;
				GENERATE_INFOPLIST_FILE = YES;
				INFOPLIST_FILE = DIVIDE/Info.plist;
				INFOPLIST_KEY_UIApplicationSupportsIndirectInputEvents = YES;
				INFOPLIST_KEY_UILaunchStoryboardName = LaunchScreen;
				INFOPLIST_KEY_UIMainStoryboardFile = Main;
				INFOPLIST_KEY_UISupportedInterfaceOrientations_iPad = "UIInterfaceOrientationPortrait UIInterfaceOrientationPortraitUpsideDown UIInterfaceOrientationLandscapeLeft UIInterfaceOrientationLandscapeRight";
				INFOPLIST_KEY_UISupportedInterfaceOrientations_iPhone = "UIInterfaceOrientationPortrait UIInterfaceOrientationLandscapeLeft UIInterfaceOrientationLandscapeRight";
				LD_RUNPATH_SEARCH_PATHS = (
					"$(inherited)",
					"@executable_path/Frameworks",
				);
				MARKETING_VERSION = 1.0;
				PRODUCT_BUNDLE_IDENTIFIER = net.umc.DIVIDE;
				PRODUCT_NAME = "$(TARGET_NAME)";
				SWIFT_EMIT_LOC_STRINGS = YES;
				SWIFT_VERSION = 5.0;
				TARGETED_DEVICE_FAMILY = "1,2";
			};
			name = Debug;
		};
		324C344E286AF32B0057286A /* Release */ = {
			isa = XCBuildConfiguration;
			baseConfigurationReference = AC49C26AB0682970DFC4401E /* Pods-DIVIDE.release.xcconfig */;
			buildSettings = {
				ASSETCATALOG_COMPILER_APPICON_NAME = AppIcon;
				ASSETCATALOG_COMPILER_GLOBAL_ACCENT_COLOR_NAME = AccentColor;
				CODE_SIGN_STYLE = Automatic;
				CURRENT_PROJECT_VERSION = 1;
				GENERATE_INFOPLIST_FILE = YES;
				INFOPLIST_FILE = DIVIDE/Info.plist;
				INFOPLIST_KEY_UIApplicationSupportsIndirectInputEvents = YES;
				INFOPLIST_KEY_UILaunchStoryboardName = LaunchScreen;
				INFOPLIST_KEY_UIMainStoryboardFile = Main;
				INFOPLIST_KEY_UISupportedInterfaceOrientations_iPad = "UIInterfaceOrientationPortrait UIInterfaceOrientationPortraitUpsideDown UIInterfaceOrientationLandscapeLeft UIInterfaceOrientationLandscapeRight";
				INFOPLIST_KEY_UISupportedInterfaceOrientations_iPhone = "UIInterfaceOrientationPortrait UIInterfaceOrientationLandscapeLeft UIInterfaceOrientationLandscapeRight";
				LD_RUNPATH_SEARCH_PATHS = (
					"$(inherited)",
					"@executable_path/Frameworks",
				);
				MARKETING_VERSION = 1.0;
				PRODUCT_BUNDLE_IDENTIFIER = net.umc.DIVIDE;
				PRODUCT_NAME = "$(TARGET_NAME)";
				SWIFT_EMIT_LOC_STRINGS = YES;
				SWIFT_VERSION = 5.0;
				TARGETED_DEVICE_FAMILY = "1,2";
			};
			name = Release;
		};
/* End XCBuildConfiguration section */

/* Begin XCConfigurationList section */
		324C3433286AF32A0057286A /* Build configuration list for PBXProject "DIVIDE" */ = {
			isa = XCConfigurationList;
			buildConfigurations = (
				324C344A286AF32B0057286A /* Debug */,
				324C344B286AF32B0057286A /* Release */,
			);
			defaultConfigurationIsVisible = 0;
			defaultConfigurationName = Release;
		};
		324C344C286AF32B0057286A /* Build configuration list for PBXNativeTarget "DIVIDE" */ = {
			isa = XCConfigurationList;
			buildConfigurations = (
				324C344D286AF32B0057286A /* Debug */,
				324C344E286AF32B0057286A /* Release */,
			);
			defaultConfigurationIsVisible = 0;
			defaultConfigurationName = Release;
		};
/* End XCConfigurationList section */
	};
	rootObject = 324C3430286AF32A0057286A /* Project object */;
}
